
Microsoft Visual Studio Solution File, Format Version 12.00
# Visual Studio Version 17
VisualStudioVersion = 17.0.31912.275
MinimumVisualStudioVersion = 10.0.40219.1
Project("{2150E333-8FDC-42A3-9474-1A3956D46DE8}") = "Services", "Services", "{1D6338FD-E11F-412C-BBFC-DF5A78E539D2}"
EndProject
Project("{2150E333-8FDC-42A3-9474-1A3956D46DE8}") = "Catalog", "Catalog", "{71A3DA7D-BEB7-4C54-8E3C-0AB68F81C559}"
EndProject
Project("{9A19103F-16F7-4668-BE54-9A1E7A4F7556}") = "Catalog.API", "Services\Catalog\Catalog.API\Catalog.API.csproj", "{722D8712-48DE-4DAA-B4CF-87C9F1F733A2}"
EndProject
Project("{E53339B2-1760-4266-BCC7-CA923CBCF16C}") = "docker-compose", "docker-compose.dcproj", "{50571650-A583-4332-B252-0E1C56706291}"
EndProject
Global
	GlobalSection(SolutionConfigurationPlatforms) = preSolution
		Debug|Any CPU = Debug|Any CPU
		Release|Any CPU = Release|Any CPU
	EndGlobalSection
	GlobalSection(ProjectConfigurationPlatforms) = postSolution
		{722D8712-48DE-4DAA-B4CF-87C9F1F733A2}.Debug|Any CPU.ActiveCfg = Debug|Any CPU
		{722D8712-48DE-4DAA-B4CF-87C9F1F733A2}.Debug|Any CPU.Build.0 = Debug|Any CPU
		{722D8712-48DE-4DAA-B4CF-87C9F1F733A2}.Release|Any CPU.ActiveCfg = Release|Any CPU
		{722D8712-48DE-4DAA-B4CF-87C9F1F733A2}.Release|Any CPU.Build.0 = Release|Any CPU
		{50571650-A583-4332-B252-0E1C56706291}.Debug|Any CPU.ActiveCfg = Debug|Any CPU
		{50571650-A583-4332-B252-0E1C56706291}.Debug|Any CPU.Build.0 = Debug|Any CPU
		{50571650-A583-4332-B252-0E1C56706291}.Release|Any CPU.ActiveCfg = Release|Any CPU
		{50571650-A583-4332-B252-0E1C56706291}.Release|Any CPU.Build.0 = Release|Any CPU
	EndGlobalSection
	GlobalSection(SolutionProperties) = preSolution
		HideSolutionNode = FALSE
	EndGlobalSection
	GlobalSection(NestedProjects) = preSolution
		{71A3DA7D-BEB7-4C54-8E3C-0AB68F81C559} = {1D6338FD-E11F-412C-BBFC-DF5A78E539D2}
		{722D8712-48DE-4DAA-B4CF-87C9F1F733A2} = {71A3DA7D-BEB7-4C54-8E3C-0AB68F81C559}
	EndGlobalSection
	GlobalSection(ExtensibilityGlobals) = postSolution
		SolutionGuid = {157DD298-19BF-45A4-97BF-B4A5253925CD}
	EndGlobalSection
EndGlobal
