
Microsoft Visual Studio Solution File, Format Version 12.00
# Visual Studio Version 17
VisualStudioVersion = 17.0.31912.275
MinimumVisualStudioVersion = 10.0.40219.1
Project("{2150E333-8FDC-42A3-9474-1A3956D46DE8}") = "Services", "Services", "{1D6338FD-E11F-412C-BBFC-DF5A78E539D2}"
EndProject
Project("{2150E333-8FDC-42A3-9474-1A3956D46DE8}") = "Catalog", "Catalog", "{71A3DA7D-BEB7-4C54-8E3C-0AB68F81C559}"
EndProject
Project("{9A19103F-16F7-4668-BE54-9A1E7A4F7556}") = "Catalog.API", "Services\Catalog\Catalog.API\Catalog.API.csproj", "{722D8712-48DE-4DAA-B4CF-87C9F1F733A2}"
EndProject
Project("{E53339B2-1760-4266-BCC7-CA923CBCF16C}") = "docker-compose", "docker-compose.dcproj", "{50571650-A583-4332-B252-0E1C56706291}"
EndProject
Project("{2150E333-8FDC-42A3-9474-1A3956D46DE8}") = "Basket", "Basket", "{0C13829F-9FDF-455C-B7F5-EEF8CAA4CF0D}"
EndProject
Project("{9A19103F-16F7-4668-BE54-9A1E7A4F7556}") = "Basket.API", "Services\Basket\Basket.API\Basket.API.csproj", "{7E876AFF-D74F-4D6E-892C-E239ABA377F5}"
EndProject
Project("{2150E333-8FDC-42A3-9474-1A3956D46DE8}") = "Discount", "Discount", "{C92B4EC5-50F4-4D14-BF22-894A82C9B6F1}"
EndProject
Project("{9A19103F-16F7-4668-BE54-9A1E7A4F7556}") = "Discount.Grpc", "Services\Discount\Discount.Grpc\Discount.Grpc.csproj", "{A34E63EA-8F4D-4C3D-B935-8721EFE2F275}"
EndProject
Project("{2150E333-8FDC-42A3-9474-1A3956D46DE8}") = "Ordering", "Ordering", "{59411385-4B43-4635-97DD-271702478A23}"
EndProject
Project("{9A19103F-16F7-4668-BE54-9A1E7A4F7556}") = "Ordering.API", "Services\Ordering\Ordering.API\Ordering.API.csproj", "{CB4C6E83-D498-4309-B3F5-37F6479C0245}"
EndProject
Project("{9A19103F-16F7-4668-BE54-9A1E7A4F7556}") = "Ordering.Application", "Services\Ordering\Ordering.Application\Ordering.Application.csproj", "{D0CA8EFC-533B-40E0-BD63-E4BB6ED43582}"
EndProject
Project("{9A19103F-16F7-4668-BE54-9A1E7A4F7556}") = "Ordering.Domain", "Services\Ordering\Ordering.Domain\Ordering.Domain.csproj", "{646620E0-9D48-48B9-BCB7-3CCB054059C1}"
EndProject
Project("{9A19103F-16F7-4668-BE54-9A1E7A4F7556}") = "Ordering.Infrastructure", "Services\Ordering\Ordering.Infrastructure\Ordering.Infrastructure.csproj", "{C68D39D1-B30A-4215-9FAF-19E750CE4AC4}"
EndProject
Project("{2150E333-8FDC-42A3-9474-1A3956D46DE8}") = "BuildingBlocks", "BuildingBlocks", "{A03F9E06-994A-4A23-A36C-A2EA932512A2}"
EndProject
Project("{9A19103F-16F7-4668-BE54-9A1E7A4F7556}") = "EventBus.Messages", "BuildingBlocks\EventBus.Messages\EventBus.Messages.csproj", "{66C8FB95-D5E5-415D-97DC-7882DDD75840}"
EndProject
Project("{2150E333-8FDC-42A3-9474-1A3956D46DE8}") = "ApiGateway", "ApiGateway", "{BBD812A5-3027-45B0-B52D-1884F058591C}"
EndProject
Project("{9A19103F-16F7-4668-BE54-9A1E7A4F7556}") = "OcelotApiGW", "ApiGateway\OcelotApiGW\OcelotApiGW.csproj", "{FCC8A236-D274-4366-AC44-8848017A273D}"
EndProject
Project("{9A19103F-16F7-4668-BE54-9A1E7A4F7556}") = "Shopping.Aggregator", "ApiGateway\Shopping.Aggregator\Shopping.Aggregator.csproj", "{9F8A4D00-B9E9-4B18-A3C5-30E4A194528E}"
EndProject
Project("{2150E333-8FDC-42A3-9474-1A3956D46DE8}") = "IdentityServer", "IdentityServer", "{4A2D695F-A8F8-4974-9B69-355FE208FB29}"
EndProject
Project("{FAE04EC0-301F-11D3-BF4B-00C04F79EFBC}") = "IdentityServer", "Services\IdentityServer\IdentityServer.csproj", "{317A0A6B-14DE-468D-B57F-42C2374E14F6}"
EndProject
Global
	GlobalSection(SolutionConfigurationPlatforms) = preSolution
		Debug|Any CPU = Debug|Any CPU
		Release|Any CPU = Release|Any CPU
	EndGlobalSection
	GlobalSection(ProjectConfigurationPlatforms) = postSolution
		{722D8712-48DE-4DAA-B4CF-87C9F1F733A2}.Debug|Any CPU.ActiveCfg = Debug|Any CPU
		{722D8712-48DE-4DAA-B4CF-87C9F1F733A2}.Debug|Any CPU.Build.0 = Debug|Any CPU
		{722D8712-48DE-4DAA-B4CF-87C9F1F733A2}.Release|Any CPU.ActiveCfg = Release|Any CPU
		{722D8712-48DE-4DAA-B4CF-87C9F1F733A2}.Release|Any CPU.Build.0 = Release|Any CPU
		{50571650-A583-4332-B252-0E1C56706291}.Debug|Any CPU.ActiveCfg = Debug|Any CPU
		{50571650-A583-4332-B252-0E1C56706291}.Debug|Any CPU.Build.0 = Debug|Any CPU
		{50571650-A583-4332-B252-0E1C56706291}.Release|Any CPU.ActiveCfg = Release|Any CPU
		{50571650-A583-4332-B252-0E1C56706291}.Release|Any CPU.Build.0 = Release|Any CPU
		{7E876AFF-D74F-4D6E-892C-E239ABA377F5}.Debug|Any CPU.ActiveCfg = Debug|Any CPU
		{7E876AFF-D74F-4D6E-892C-E239ABA377F5}.Debug|Any CPU.Build.0 = Debug|Any CPU
		{7E876AFF-D74F-4D6E-892C-E239ABA377F5}.Release|Any CPU.ActiveCfg = Release|Any CPU
		{7E876AFF-D74F-4D6E-892C-E239ABA377F5}.Release|Any CPU.Build.0 = Release|Any CPU
		{A34E63EA-8F4D-4C3D-B935-8721EFE2F275}.Debug|Any CPU.ActiveCfg = Debug|Any CPU
		{A34E63EA-8F4D-4C3D-B935-8721EFE2F275}.Debug|Any CPU.Build.0 = Debug|Any CPU
		{A34E63EA-8F4D-4C3D-B935-8721EFE2F275}.Release|Any CPU.ActiveCfg = Release|Any CPU
		{A34E63EA-8F4D-4C3D-B935-8721EFE2F275}.Release|Any CPU.Build.0 = Release|Any CPU
		{CB4C6E83-D498-4309-B3F5-37F6479C0245}.Debug|Any CPU.ActiveCfg = Debug|Any CPU
		{CB4C6E83-D498-4309-B3F5-37F6479C0245}.Debug|Any CPU.Build.0 = Debug|Any CPU
		{CB4C6E83-D498-4309-B3F5-37F6479C0245}.Release|Any CPU.ActiveCfg = Release|Any CPU
		{CB4C6E83-D498-4309-B3F5-37F6479C0245}.Release|Any CPU.Build.0 = Release|Any CPU
		{D0CA8EFC-533B-40E0-BD63-E4BB6ED43582}.Debug|Any CPU.ActiveCfg = Debug|Any CPU
		{D0CA8EFC-533B-40E0-BD63-E4BB6ED43582}.Debug|Any CPU.Build.0 = Debug|Any CPU
		{D0CA8EFC-533B-40E0-BD63-E4BB6ED43582}.Release|Any CPU.ActiveCfg = Release|Any CPU
		{D0CA8EFC-533B-40E0-BD63-E4BB6ED43582}.Release|Any CPU.Build.0 = Release|Any CPU
		{646620E0-9D48-48B9-BCB7-3CCB054059C1}.Debug|Any CPU.ActiveCfg = Debug|Any CPU
		{646620E0-9D48-48B9-BCB7-3CCB054059C1}.Debug|Any CPU.Build.0 = Debug|Any CPU
		{646620E0-9D48-48B9-BCB7-3CCB054059C1}.Release|Any CPU.ActiveCfg = Release|Any CPU
		{646620E0-9D48-48B9-BCB7-3CCB054059C1}.Release|Any CPU.Build.0 = Release|Any CPU
		{C68D39D1-B30A-4215-9FAF-19E750CE4AC4}.Debug|Any CPU.ActiveCfg = Debug|Any CPU
		{C68D39D1-B30A-4215-9FAF-19E750CE4AC4}.Debug|Any CPU.Build.0 = Debug|Any CPU
		{C68D39D1-B30A-4215-9FAF-19E750CE4AC4}.Release|Any CPU.ActiveCfg = Release|Any CPU
		{C68D39D1-B30A-4215-9FAF-19E750CE4AC4}.Release|Any CPU.Build.0 = Release|Any CPU
		{66C8FB95-D5E5-415D-97DC-7882DDD75840}.Debug|Any CPU.ActiveCfg = Debug|Any CPU
		{66C8FB95-D5E5-415D-97DC-7882DDD75840}.Debug|Any CPU.Build.0 = Debug|Any CPU
		{66C8FB95-D5E5-415D-97DC-7882DDD75840}.Release|Any CPU.ActiveCfg = Release|Any CPU
		{66C8FB95-D5E5-415D-97DC-7882DDD75840}.Release|Any CPU.Build.0 = Release|Any CPU
		{FCC8A236-D274-4366-AC44-8848017A273D}.Debug|Any CPU.ActiveCfg = Debug|Any CPU
		{FCC8A236-D274-4366-AC44-8848017A273D}.Debug|Any CPU.Build.0 = Debug|Any CPU
		{FCC8A236-D274-4366-AC44-8848017A273D}.Release|Any CPU.ActiveCfg = Release|Any CPU
		{FCC8A236-D274-4366-AC44-8848017A273D}.Release|Any CPU.Build.0 = Release|Any CPU
		{9F8A4D00-B9E9-4B18-A3C5-30E4A194528E}.Debug|Any CPU.ActiveCfg = Debug|Any CPU
		{9F8A4D00-B9E9-4B18-A3C5-30E4A194528E}.Debug|Any CPU.Build.0 = Debug|Any CPU
		{9F8A4D00-B9E9-4B18-A3C5-30E4A194528E}.Release|Any CPU.ActiveCfg = Release|Any CPU
		{9F8A4D00-B9E9-4B18-A3C5-30E4A194528E}.Release|Any CPU.Build.0 = Release|Any CPU
		{317A0A6B-14DE-468D-B57F-42C2374E14F6}.Debug|Any CPU.ActiveCfg = Debug|Any CPU
		{317A0A6B-14DE-468D-B57F-42C2374E14F6}.Debug|Any CPU.Build.0 = Debug|Any CPU
		{317A0A6B-14DE-468D-B57F-42C2374E14F6}.Release|Any CPU.ActiveCfg = Release|Any CPU
		{317A0A6B-14DE-468D-B57F-42C2374E14F6}.Release|Any CPU.Build.0 = Release|Any CPU
	EndGlobalSection
	GlobalSection(SolutionProperties) = preSolution
		HideSolutionNode = FALSE
	EndGlobalSection
	GlobalSection(NestedProjects) = preSolution
		{71A3DA7D-BEB7-4C54-8E3C-0AB68F81C559} = {1D6338FD-E11F-412C-BBFC-DF5A78E539D2}
		{722D8712-48DE-4DAA-B4CF-87C9F1F733A2} = {71A3DA7D-BEB7-4C54-8E3C-0AB68F81C559}
		{0C13829F-9FDF-455C-B7F5-EEF8CAA4CF0D} = {1D6338FD-E11F-412C-BBFC-DF5A78E539D2}
		{7E876AFF-D74F-4D6E-892C-E239ABA377F5} = {0C13829F-9FDF-455C-B7F5-EEF8CAA4CF0D}
		{C92B4EC5-50F4-4D14-BF22-894A82C9B6F1} = {1D6338FD-E11F-412C-BBFC-DF5A78E539D2}
		{A34E63EA-8F4D-4C3D-B935-8721EFE2F275} = {C92B4EC5-50F4-4D14-BF22-894A82C9B6F1}
		{59411385-4B43-4635-97DD-271702478A23} = {1D6338FD-E11F-412C-BBFC-DF5A78E539D2}
		{CB4C6E83-D498-4309-B3F5-37F6479C0245} = {59411385-4B43-4635-97DD-271702478A23}
		{D0CA8EFC-533B-40E0-BD63-E4BB6ED43582} = {59411385-4B43-4635-97DD-271702478A23}
		{646620E0-9D48-48B9-BCB7-3CCB054059C1} = {59411385-4B43-4635-97DD-271702478A23}
		{C68D39D1-B30A-4215-9FAF-19E750CE4AC4} = {59411385-4B43-4635-97DD-271702478A23}
		{66C8FB95-D5E5-415D-97DC-7882DDD75840} = {A03F9E06-994A-4A23-A36C-A2EA932512A2}
		{FCC8A236-D274-4366-AC44-8848017A273D} = {BBD812A5-3027-45B0-B52D-1884F058591C}
		{9F8A4D00-B9E9-4B18-A3C5-30E4A194528E} = {BBD812A5-3027-45B0-B52D-1884F058591C}
		{4A2D695F-A8F8-4974-9B69-355FE208FB29} = {1D6338FD-E11F-412C-BBFC-DF5A78E539D2}
		{317A0A6B-14DE-468D-B57F-42C2374E14F6} = {4A2D695F-A8F8-4974-9B69-355FE208FB29}
	EndGlobalSection
	GlobalSection(ExtensibilityGlobals) = postSolution
		SolutionGuid = {157DD298-19BF-45A4-97BF-B4A5253925CD}
	EndGlobalSection
EndGlobal
