
Microsoft Visual Studio Solution File, Format Version 12.00
# Visual Studio Version 17
VisualStudioVersion = 17.0.31912.275
MinimumVisualStudioVersion = 10.0.40219.1
Project("{2150E333-8FDC-42A3-9474-1A3956D46DE8}") = "Services", "Services", "{1D6338FD-E11F-412C-BBFC-DF5A78E539D2}"
EndProject
Project("{2150E333-8FDC-42A3-9474-1A3956D46DE8}") = "Catalog", "Catalog", "{71A3DA7D-BEB7-4C54-8E3C-0AB68F81C559}"
EndProject
Project("{9A19103F-16F7-4668-BE54-9A1E7A4F7556}") = "Catalog.API", "Services\Catalog\Catalog.API\Catalog.API.csproj", "{722D8712-48DE-4DAA-B4CF-87C9F1F733A2}"
EndProject
Project("{E53339B2-1760-4266-BCC7-CA923CBCF16C}") = "docker-compose", "docker-compose.dcproj", "{50571650-A583-4332-B252-0E1C56706291}"
EndProject
Project("{2150E333-8FDC-42A3-9474-1A3956D46DE8}") = "Basket", "Basket", "{0C13829F-9FDF-455C-B7F5-EEF8CAA4CF0D}"
EndProject
Project("{9A19103F-16F7-4668-BE54-9A1E7A4F7556}") = "Basket.API", "Services\Basket\Basket.API\Basket.API.csproj", "{7E876AFF-D74F-4D6E-892C-E239ABA377F5}"
EndProject
Project("{2150E333-8FDC-42A3-9474-1A3956D46DE8}") = "Discount", "Discount", "{C92B4EC5-50F4-4D14-BF22-894A82C9B6F1}"
EndProject
Project("{FAE04EC0-301F-11D3-BF4B-00C04F79EFBC}") = "Discount.Grpc", "Services\Discount\Discount.Grpc\Discount.Grpc.csproj", "{A34E63EA-8F4D-4C3D-B935-8721EFE2F275}"
EndProject
Global
	GlobalSection(SolutionConfigurationPlatforms) = preSolution
		Debug|Any CPU = Debug|Any CPU
		Release|Any CPU = Release|Any CPU
	EndGlobalSection
	GlobalSection(ProjectConfigurationPlatforms) = postSolution
		{722D8712-48DE-4DAA-B4CF-87C9F1F733A2}.Debug|Any CPU.ActiveCfg = Debug|Any CPU
		{722D8712-48DE-4DAA-B4CF-87C9F1F733A2}.Debug|Any CPU.Build.0 = Debug|Any CPU
		{722D8712-48DE-4DAA-B4CF-87C9F1F733A2}.Release|Any CPU.ActiveCfg = Release|Any CPU
		{722D8712-48DE-4DAA-B4CF-87C9F1F733A2}.Release|Any CPU.Build.0 = Release|Any CPU
		{50571650-A583-4332-B252-0E1C56706291}.Debug|Any CPU.ActiveCfg = Debug|Any CPU
		{50571650-A583-4332-B252-0E1C56706291}.Debug|Any CPU.Build.0 = Debug|Any CPU
		{50571650-A583-4332-B252-0E1C56706291}.Release|Any CPU.ActiveCfg = Release|Any CPU
		{50571650-A583-4332-B252-0E1C56706291}.Release|Any CPU.Build.0 = Release|Any CPU
		{7E876AFF-D74F-4D6E-892C-E239ABA377F5}.Debug|Any CPU.ActiveCfg = Debug|Any CPU
		{7E876AFF-D74F-4D6E-892C-E239ABA377F5}.Debug|Any CPU.Build.0 = Debug|Any CPU
		{7E876AFF-D74F-4D6E-892C-E239ABA377F5}.Release|Any CPU.ActiveCfg = Release|Any CPU
		{7E876AFF-D74F-4D6E-892C-E239ABA377F5}.Release|Any CPU.Build.0 = Release|Any CPU
		{A34E63EA-8F4D-4C3D-B935-8721EFE2F275}.Debug|Any CPU.ActiveCfg = Debug|Any CPU
		{A34E63EA-8F4D-4C3D-B935-8721EFE2F275}.Debug|Any CPU.Build.0 = Debug|Any CPU
		{A34E63EA-8F4D-4C3D-B935-8721EFE2F275}.Release|Any CPU.ActiveCfg = Release|Any CPU
		{A34E63EA-8F4D-4C3D-B935-8721EFE2F275}.Release|Any CPU.Build.0 = Release|Any CPU
	EndGlobalSection
	GlobalSection(SolutionProperties) = preSolution
		HideSolutionNode = FALSE
	EndGlobalSection
	GlobalSection(NestedProjects) = preSolution
		{71A3DA7D-BEB7-4C54-8E3C-0AB68F81C559} = {1D6338FD-E11F-412C-BBFC-DF5A78E539D2}
		{722D8712-48DE-4DAA-B4CF-87C9F1F733A2} = {71A3DA7D-BEB7-4C54-8E3C-0AB68F81C559}
		{0C13829F-9FDF-455C-B7F5-EEF8CAA4CF0D} = {1D6338FD-E11F-412C-BBFC-DF5A78E539D2}
		{7E876AFF-D74F-4D6E-892C-E239ABA377F5} = {0C13829F-9FDF-455C-B7F5-EEF8CAA4CF0D}
		{C92B4EC5-50F4-4D14-BF22-894A82C9B6F1} = {1D6338FD-E11F-412C-BBFC-DF5A78E539D2}
		{A34E63EA-8F4D-4C3D-B935-8721EFE2F275} = {C92B4EC5-50F4-4D14-BF22-894A82C9B6F1}
	EndGlobalSection
	GlobalSection(ExtensibilityGlobals) = postSolution
		SolutionGuid = {157DD298-19BF-45A4-97BF-B4A5253925CD}
	EndGlobalSection
EndGlobal
